
Microsoft Visual Studio Solution File, Format Version 12.00
# Visual Studio Version 16
VisualStudioVersion = 16.0.32413.511
MinimumVisualStudioVersion = 10.0.40219.1
Project("{FAE04EC0-301F-11D3-BF4B-00C04F79EFBC}") = "Flappy Bird", "Flappy Bird\Flappy Bird.csproj", "{AB07DDC8-9895-4FDF-B9E0-347AF7EB4DB9}"
EndProject
Global
	GlobalSection(SolutionConfigurationPlatforms) = preSolution
		Debug|Any CPU = Debug|Any CPU
		Release|Any CPU = Release|Any CPU
	EndGlobalSection
	GlobalSection(ProjectConfigurationPlatforms) = postSolution
		{AB07DDC8-9895-4FDF-B9E0-347AF7EB4DB9}.Debug|Any CPU.ActiveCfg = Debug|Any CPU
		{AB07DDC8-9895-4FDF-B9E0-347AF7EB4DB9}.Debug|Any CPU.Build.0 = Debug|Any CPU
		{AB07DDC8-9895-4FDF-B9E0-347AF7EB4DB9}.Release|Any CPU.ActiveCfg = Release|Any CPU
		{AB07DDC8-9895-4FDF-B9E0-347AF7EB4DB9}.Release|Any CPU.Build.0 = Release|Any CPU
	EndGlobalSection
	GlobalSection(SolutionProperties) = preSolution
		HideSolutionNode = FALSE
	EndGlobalSection
	GlobalSection(ExtensibilityGlobals) = postSolution
		SolutionGuid = {F8EE651F-4140-4354-B2D5-72C80D41489F}
	EndGlobalSection
EndGlobal
